
Microsoft Visual Studio Solution File, Format Version 12.00
# Visual Studio 2012
Project("{8BC9CEB8-8B4A-11D0-8D11-00A0C91BC942}") = "eCardCore", "eCardCore\eCardCore.vcxproj", "{592DE1AA-B405-40CF-A62E-E799D6485BF3}"
	ProjectSection(ProjectDependencies) = postProject
		{F0ED282B-8435-43D9-AA14-C0EF67BE8BD9} = {F0ED282B-8435-43D9-AA14-C0EF67BE8BD9}
	EndProjectSection
EndProject
Project("{8BC9CEB8-8B4A-11D0-8D11-00A0C91BC942}") = "eIDASN1", "eidasn1\eIDASN1.vcxproj", "{B5E14CF8-42E6-468F-9BFB-902F39EEA3EC}"
EndProject
Project("{8BC9CEB8-8B4A-11D0-8D11-00A0C91BC942}") = "nPA-EAC", "nPA-EAC\nPA-EAC.vcxproj", "{BBE7C72F-E0BB-44D4-8631-E141E9CE191B}"
	ProjectSection(ProjectDependencies) = postProject
		{3423EC9A-52E4-4A4D-9753-EDEBC38785EF} = {3423EC9A-52E4-4A4D-9753-EDEBC38785EF}
		{592DE1AA-B405-40CF-A62E-E799D6485BF3} = {592DE1AA-B405-40CF-A62E-E799D6485BF3}
		{B5E14CF8-42E6-468F-9BFB-902F39EEA3EC} = {B5E14CF8-42E6-468F-9BFB-902F39EEA3EC}
	EndProjectSection
EndProject
Project("{8BC9CEB8-8B4A-11D0-8D11-00A0C91BC942}") = "eIDClientCore", "eIDClientCore\eIDClientCore.vcxproj", "{61B92AA2-91E6-435C-8485-E47F2EA29B29}"
	ProjectSection(ProjectDependencies) = postProject
		{E6905F20-4398-433A-8B25-3305B08B8A00} = {E6905F20-4398-433A-8B25-3305B08B8A00}
		{F0ED282B-8435-43D9-AA14-C0EF67BE8BD9} = {F0ED282B-8435-43D9-AA14-C0EF67BE8BD9}
	EndProjectSection
EndProject
Project("{8BC9CEB8-8B4A-11D0-8D11-00A0C91BC942}") = "eIDClientConnection", "eIDClientConnection\eIDClientConnection.vcxproj", "{F0ED282B-8435-43D9-AA14-C0EF67BE8BD9}"
EndProject
Project("{8BC9CEB8-8B4A-11D0-8D11-00A0C91BC942}") = "expat_static", "..\..\Software\expat\lib\expat_staticVS10.vcxproj", "{E6905F20-4398-433A-8B25-3305B08B8A00}"
EndProject
Project("{8BC9CEB8-8B4A-11D0-8D11-00A0C91BC942}") = "cryptlib", "..\..\Software\cryptopp\cryptopp-5.6.0\cryptlibVS10.vcxproj", "{3423EC9A-52E4-4A4D-9753-EDEBC38785EF}"
EndProject
Project("{8BC9CEB8-8B4A-11D0-8D11-00A0C91BC942}") = "Test_nPAClientLib", "Test_nPAClientLib\Test_nPAClientLib.vcxproj", "{7F45E7C0-1393-4CB3-9E00-B4DD5B11CDEF}"
	ProjectSection(ProjectDependencies) = postProject
		{E6905F20-4398-433A-8B25-3305B08B8A00} = {E6905F20-4398-433A-8B25-3305B08B8A00}
		{F0ED282B-8435-43D9-AA14-C0EF67BE8BD9} = {F0ED282B-8435-43D9-AA14-C0EF67BE8BD9}
		{61B92AA2-91E6-435C-8485-E47F2EA29B29} = {61B92AA2-91E6-435C-8485-E47F2EA29B29}
	EndProjectSection
EndProject
Project("{8BC9CEB8-8B4A-11D0-8D11-00A0C91BC942}") = "SimpleClient", "SimpleClient\SimpleClient.vcxproj", "{13E202D7-6B5F-49EA-8289-AE2A2FCFA72D}"
	ProjectSection(ProjectDependencies) = postProject
		{F0ED282B-8435-43D9-AA14-C0EF67BE8BD9} = {F0ED282B-8435-43D9-AA14-C0EF67BE8BD9}
		{61B92AA2-91E6-435C-8485-E47F2EA29B29} = {61B92AA2-91E6-435C-8485-E47F2EA29B29}
	EndProjectSection
EndProject
Global
	GlobalSection(SolutionConfigurationPlatforms) = preSolution
		Debug|Win32 = Debug|Win32
		Release|Win32 = Release|Win32
	EndGlobalSection
	GlobalSection(ProjectConfigurationPlatforms) = postSolution
		{592DE1AA-B405-40CF-A62E-E799D6485BF3}.Debug|Win32.ActiveCfg = Debug|Win32
		{592DE1AA-B405-40CF-A62E-E799D6485BF3}.Debug|Win32.Build.0 = Debug|Win32
		{592DE1AA-B405-40CF-A62E-E799D6485BF3}.Release|Win32.ActiveCfg = Release|Win32
		{592DE1AA-B405-40CF-A62E-E799D6485BF3}.Release|Win32.Build.0 = Release|Win32
		{B5E14CF8-42E6-468F-9BFB-902F39EEA3EC}.Debug|Win32.ActiveCfg = Debug|Win32
		{B5E14CF8-42E6-468F-9BFB-902F39EEA3EC}.Debug|Win32.Build.0 = Debug|Win32
		{B5E14CF8-42E6-468F-9BFB-902F39EEA3EC}.Release|Win32.ActiveCfg = Release|Win32
		{B5E14CF8-42E6-468F-9BFB-902F39EEA3EC}.Release|Win32.Build.0 = Release|Win32
		{BBE7C72F-E0BB-44D4-8631-E141E9CE191B}.Debug|Win32.ActiveCfg = Debug|Win32
		{BBE7C72F-E0BB-44D4-8631-E141E9CE191B}.Debug|Win32.Build.0 = Debug|Win32
		{BBE7C72F-E0BB-44D4-8631-E141E9CE191B}.Release|Win32.ActiveCfg = Release|Win32
		{BBE7C72F-E0BB-44D4-8631-E141E9CE191B}.Release|Win32.Build.0 = Release|Win32
		{61B92AA2-91E6-435C-8485-E47F2EA29B29}.Debug|Win32.ActiveCfg = Debug|Win32
		{61B92AA2-91E6-435C-8485-E47F2EA29B29}.Debug|Win32.Build.0 = Debug|Win32
		{61B92AA2-91E6-435C-8485-E47F2EA29B29}.Release|Win32.ActiveCfg = Release|Win32
		{61B92AA2-91E6-435C-8485-E47F2EA29B29}.Release|Win32.Build.0 = Release|Win32
		{F0ED282B-8435-43D9-AA14-C0EF67BE8BD9}.Debug|Win32.ActiveCfg = Debug|Win32
		{F0ED282B-8435-43D9-AA14-C0EF67BE8BD9}.Debug|Win32.Build.0 = Debug|Win32
		{F0ED282B-8435-43D9-AA14-C0EF67BE8BD9}.Release|Win32.ActiveCfg = Release|Win32
		{F0ED282B-8435-43D9-AA14-C0EF67BE8BD9}.Release|Win32.Build.0 = Release|Win32
		{E6905F20-4398-433A-8B25-3305B08B8A00}.Debug|Win32.ActiveCfg = Debug|Win32
		{E6905F20-4398-433A-8B25-3305B08B8A00}.Debug|Win32.Build.0 = Debug|Win32
		{E6905F20-4398-433A-8B25-3305B08B8A00}.Release|Win32.ActiveCfg = Release|Win32
		{E6905F20-4398-433A-8B25-3305B08B8A00}.Release|Win32.Build.0 = Release|Win32
		{3423EC9A-52E4-4A4D-9753-EDEBC38785EF}.Debug|Win32.ActiveCfg = Debug|Win32
		{3423EC9A-52E4-4A4D-9753-EDEBC38785EF}.Debug|Win32.Build.0 = Debug|Win32
		{3423EC9A-52E4-4A4D-9753-EDEBC38785EF}.Release|Win32.ActiveCfg = Release|Win32
		{3423EC9A-52E4-4A4D-9753-EDEBC38785EF}.Release|Win32.Build.0 = Release|Win32
		{7F45E7C0-1393-4CB3-9E00-B4DD5B11CDEF}.Debug|Win32.ActiveCfg = Debug|Win32
		{7F45E7C0-1393-4CB3-9E00-B4DD5B11CDEF}.Debug|Win32.Build.0 = Debug|Win32
		{7F45E7C0-1393-4CB3-9E00-B4DD5B11CDEF}.Debug|Win32.Deploy.0 = Debug|Win32
		{7F45E7C0-1393-4CB3-9E00-B4DD5B11CDEF}.Release|Win32.ActiveCfg = Release|Win32
		{7F45E7C0-1393-4CB3-9E00-B4DD5B11CDEF}.Release|Win32.Build.0 = Release|Win32
		{7F45E7C0-1393-4CB3-9E00-B4DD5B11CDEF}.Release|Win32.Deploy.0 = Release|Win32
		{13E202D7-6B5F-49EA-8289-AE2A2FCFA72D}.Debug|Win32.ActiveCfg = Debug|Win32
		{13E202D7-6B5F-49EA-8289-AE2A2FCFA72D}.Debug|Win32.Build.0 = Debug|Win32
		{13E202D7-6B5F-49EA-8289-AE2A2FCFA72D}.Debug|Win32.Deploy.0 = Debug|Win32
		{13E202D7-6B5F-49EA-8289-AE2A2FCFA72D}.Release|Win32.ActiveCfg = Release|Win32
		{13E202D7-6B5F-49EA-8289-AE2A2FCFA72D}.Release|Win32.Build.0 = Release|Win32
		{13E202D7-6B5F-49EA-8289-AE2A2FCFA72D}.Release|Win32.Deploy.0 = Release|Win32
	EndGlobalSection
	GlobalSection(SolutionProperties) = preSolution
		HideSolutionNode = FALSE
	EndGlobalSection
EndGlobal
